<?xml version="1.0" encoding="utf-8"?>
<Project ToolsVersion="4.0" xmlns="http://schemas.microsoft.com/developer/msbuild/2003">
  <ItemGroup>
    <Filter Include="main">
      <UniqueIdentifier>{4966bfab-75e3-44bb-bdee-1610d5aaf693}</UniqueIdentifier>
    </Filter>
    <Filter Include="domain">
      <UniqueIdentifier>{63d59ebd-940c-4f75-a989-c2037fe411ff}</UniqueIdentifier>
    </Filter>
    <Filter Include="domain\data">
      <UniqueIdentifier>{aa7b6561-5a8d-4af3-9b25-01bd217aef6a}</UniqueIdentifier>
    </Filter>
    <Filter Include="domain\presentation">
      <UniqueIdentifier>{f63a783c-34dc-44e1-bae6-9997317cb3a5}</UniqueIdentifier>
    </Filter>
    <Filter Include="domain\data\Interfaces">
      <UniqueIdentifier>{58c54bc5-a387-43da-8c3e-4dae02566689}</UniqueIdentifier>
    </Filter>
    <Filter Include="domain\data\FileStorage">
      <UniqueIdentifier>{23ed670f-a522-4964-a2b3-fe2cfb05daf8}</UniqueIdentifier>
    </Filter>
    <Filter Include="domain\data\MedicalRecord">
      <UniqueIdentifier>{a98d7b4e-371d-454e-9c20-b6cc546c7e4b}</UniqueIdentifier>
    </Filter>
    <Filter Include="domain\data\Users">
      <UniqueIdentifier>{b4a53197-fa4f-4afb-87ef-3ad12522f76b}</UniqueIdentifier>
    </Filter>
    <Filter Include="domain\presentation\console_ui">
      <UniqueIdentifier>{62dd8986-70f9-4183-85a5-610ac054e41e}</UniqueIdentifier>
    </Filter>
    <Filter Include="domain\presentation\console_ui\add">
      <UniqueIdentifier>{03e2aefe-90b0-445c-abca-75b25268159d}</UniqueIdentifier>
    </Filter>
    <Filter Include="domain\presentation\console_ui\change">
      <UniqueIdentifier>{7569a955-69af-417f-9cb9-d663cb6f5a4d}</UniqueIdentifier>
    </Filter>
    <Filter Include="domain\presentation\console_ui\delete">
      <UniqueIdentifier>{4f93e878-ab4c-4145-bda6-673bbb8f92a5}</UniqueIdentifier>
    </Filter>
    <Filter Include="domain\presentation\console_ui\show">
      <UniqueIdentifier>{10e77c4b-8c3b-4cd3-a811-5890960d873a}</UniqueIdentifier>
    </Filter>
    <Filter Include="domain\presentation\console_ui\user">
      <UniqueIdentifier>{e3a71715-9d72-44e4-959b-0fed9ba0c317}</UniqueIdentifier>
    </Filter>
  </ItemGroup>
  <ItemGroup>
    <ClInclude Include="domain\domain.h">
      <Filter>domain</Filter>
    </ClInclude>
    <ClInclude Include="domain\lib.h">
      <Filter>domain</Filter>
    </ClInclude>
    <ClInclude Include="domain\data\FileStorage\file_storage.h">
      <Filter>domain\data\FileStorage</Filter>
    </ClInclude>
    <ClInclude Include="domain\data\Interfaces\IDataStorage.h">
      <Filter>domain\data\Interfaces</Filter>
    </ClInclude>
    <ClInclude Include="domain\data\Interfaces\IMedicalRecord.h">
      <Filter>domain\data\Interfaces</Filter>
    </ClInclude>
    <ClInclude Include="domain\data\Interfaces\IUser.h">
      <Filter>domain\data\Interfaces</Filter>
    </ClInclude>
    <ClInclude Include="domain\data\MedicalRecord\diagnostic_record.h">
      <Filter>domain\data\MedicalRecord</Filter>
    </ClInclude>
    <ClInclude Include="domain\data\MedicalRecord\medical_record.h">
      <Filter>domain\data\MedicalRecord</Filter>
    </ClInclude>
    <ClInclude Include="domain\data\MedicalRecord\treatment_record.h">
      <Filter>domain\data\MedicalRecord</Filter>
    </ClInclude>
    <ClInclude Include="domain\data\MedicalRecord\visit_record.h">
      <Filter>domain\data\MedicalRecord</Filter>
    </ClInclude>
    <ClInclude Include="domain\data\Users\admin.h">
      <Filter>domain\data\Users</Filter>
    </ClInclude>
    <ClInclude Include="domain\data\Users\admin_staff.h">
      <Filter>domain\data\Users</Filter>
    </ClInclude>
    <ClInclude Include="domain\data\Users\doctor.h">
      <Filter>domain\data\Users</Filter>
    </ClInclude>
    <ClInclude Include="domain\data\Users\nurse.h">
      <Filter>domain\data\Users</Filter>
    </ClInclude>
    <ClInclude Include="domain\data\Users\user.h">
      <Filter>domain\data\Users</Filter>
    </ClInclude>
    <ClInclude Include="domain\data\FileStorage\save_user.h">
      <Filter>domain\data\FileStorage</Filter>
    </ClInclude>
    <ClInclude Include="domain\data\FileStorage\load_user.h">
      <Filter>domain\data\FileStorage</Filter>
    </ClInclude>
    <ClInclude Include="domain\data\FileStorage\save_record.h">
      <Filter>domain\data\FileStorage</Filter>
    </ClInclude>
    <ClInclude Include="domain\data\FileStorage\load_record.h">
      <Filter>domain\data\FileStorage</Filter>
    </ClInclude>
    <ClInclude Include="domain\data\FileStorage\delete_user.h">
      <Filter>domain\data\FileStorage</Filter>
    </ClInclude>
    <ClInclude Include="domain\data\FileStorage\delete_record.h">
      <Filter>domain\data\FileStorage</Filter>
    </ClInclude>
    <ClInclude Include="domain\presentation\console_ui\adds_console\add_record_console.h">
      <Filter>domain\presentation\console_ui\add</Filter>
    </ClInclude>
    <ClInclude Include="domain\presentation\console_ui\adds_console\add_user_console.h">
      <Filter>domain\presentation\console_ui\add</Filter>
    </ClInclude>
    <ClInclude Include="domain\presentation\console_ui\change_console\change_record_console.h">
      <Filter>domain\presentation\console_ui\change</Filter>
    </ClInclude>
    <ClInclude Include="domain\presentation\console_ui\change_console\change_user_console.h">
      <Filter>domain\presentation\console_ui\change</Filter>
    </ClInclude>
    <ClInclude Include="domain\presentation\console_ui\delete_console\delete_record_console.h">
      <Filter>domain\presentation\console_ui\delete</Filter>
    </ClInclude>
    <ClInclude Include="domain\presentation\console_ui\delete_console\delete_user_console.h">
      <Filter>domain\presentation\console_ui\delete</Filter>
    </ClInclude>
    <ClInclude Include="domain\presentation\console_ui\show_console\show_all_users_console.h">
      <Filter>domain\presentation\console_ui\show</Filter>
    </ClInclude>
    <ClInclude Include="domain\presentation\console_ui\show_console\show_records_console.h">
      <Filter>domain\presentation\console_ui\show</Filter>
    </ClInclude>
    <ClInclude Include="domain\presentation\console_ui\users_console\admin_console.h">
      <Filter>domain\presentation\console_ui\user</Filter>
    </ClInclude>
    <ClInclude Include="domain\presentation\console_ui\users_console\doctor_console.h">
      <Filter>domain\presentation\console_ui\user</Filter>
    </ClInclude>
    <ClInclude Include="domain\presentation\console_ui\users_console\nurse_console.h">
      <Filter>domain\presentation\console_ui\user</Filter>
    </ClInclude>
    <ClInclude Include="domain\presentation\console_ui\users_console\admin_staff_console.h">
      <Filter>domain\presentation\console_ui\user</Filter>
    </ClInclude>
    <ClInclude Include="domain\presentation\console_ui\main_console.h">
      <Filter>domain\presentation\console_ui</Filter>
    </ClInclude>
    <ClInclude Include="domain\presentation\console_ui\users_console\log_in_console.h">
      <Filter>domain\presentation\console_ui\user</Filter>
    </ClInclude>
    <ClInclude Include="domain\presentation\console_ui\console_colors.h">
      <Filter>domain\presentation\console_ui</Filter>
    </ClInclude>
  </ItemGroup>
  <ItemGroup>
    <ClCompile Include="main.cpp">
      <Filter>main</Filter>
    </ClCompile>
  </ItemGroup>
  <ItemGroup>
    <None Include="Project-diag.cd" />
  </ItemGroup>
</Project>